PODS:
  - Alamofire (5.8.0)
  - SDWebImage (5.18.1):
    - SDWebImage/Core (= 5.18.1)
  - SDWebImage/Core (5.18.1)

DEPENDENCIES:
  - Alamofire
  - SDWebImage

SPEC REPOS:
  trunk:
    - Alamofire
    - SDWebImage

SPEC CHECKSUMS:
  Alamofire: 0e92e751b3e9e66d7982db43919d01f313b8eb91
  SDWebImage: ebdbcebc7933a45226d9313bd0118bc052ad458b

PODFILE CHECKSUM: b0edb864355821fa080aa8f4c0b83b8337c834fd

COCOAPODS: 1.12.1
